
Microsoft Visual Studio Solution File, Format Version 12.00
# Visual Studio Version 17
VisualStudioVersion = 17.2.32526.322
MinimumVisualStudioVersion = 10.0.40219.1
Project("{FAE04EC0-301F-11D3-BF4B-00C04F79EFBC}") = "Operator Overloading Class Review", "Operator Overloading Class Review\Operator Overloading Class Review.csproj", "{E9F7EEF9-5893-45A8-BDC3-7ADB0EE8DDEC}"
EndProject
Global
	GlobalSection(SolutionConfigurationPlatforms) = preSolution
		Debug|Any CPU = Debug|Any CPU
		Release|Any CPU = Release|Any CPU
	EndGlobalSection
	GlobalSection(ProjectConfigurationPlatforms) = postSolution
		{E9F7EEF9-5893-45A8-BDC3-7ADB0EE8DDEC}.Debug|Any CPU.ActiveCfg = Debug|Any CPU
		{E9F7EEF9-5893-45A8-BDC3-7ADB0EE8DDEC}.Debug|Any CPU.Build.0 = Debug|Any CPU
		{E9F7EEF9-5893-45A8-BDC3-7ADB0EE8DDEC}.Release|Any CPU.ActiveCfg = Release|Any CPU
		{E9F7EEF9-5893-45A8-BDC3-7ADB0EE8DDEC}.Release|Any CPU.Build.0 = Release|Any CPU
	EndGlobalSection
	GlobalSection(SolutionProperties) = preSolution
		HideSolutionNode = FALSE
	EndGlobalSection
	GlobalSection(ExtensibilityGlobals) = postSolution
		SolutionGuid = {EECF9BB7-6100-45B4-A563-666C998F53D0}
	EndGlobalSection
EndGlobal
